
Microsoft Visual Studio Solution File, Format Version 12.00
# Visual Studio Version 17
VisualStudioVersion = 17.7.34003.232
MinimumVisualStudioVersion = 10.0.40219.1
Project("{FAE04EC0-301F-11D3-BF4B-00C04F79EFBC}") = "ContinuousIntegrationAndDeployment.Web", "Applications\ContinuousIntegrationAndDeployment.Web\ContinuousIntegrationAndDeployment.Web.csproj", "{68C67A2B-A073-4E4D-8BF7-B5F217585374}"
EndProject
Project("{FAE04EC0-301F-11D3-BF4B-00C04F79EFBC}") = "ContinuousIntegrationAndDeployment.Model", "Applications\ContinuousIntegrationAndDeployment.Model\ContinuousIntegrationAndDeployment.Model.csproj", "{833C1C0D-6651-4492-A917-F975569CBED0}"
EndProject
Project("{FAE04EC0-301F-11D3-BF4B-00C04F79EFBC}") = "ContinuousIntegrationAndDeployment.Data.EF", "Applications\ContinuousIntegrationAndDeployment.Data.EF\ContinuousIntegrationAndDeployment.Data.EF.csproj", "{20A8F9C9-66FB-4D97-9228-24202B0BCB71}"
EndProject
Global
	GlobalSection(SolutionConfigurationPlatforms) = preSolution
		Debug|Any CPU = Debug|Any CPU
		Release|Any CPU = Release|Any CPU
	EndGlobalSection
	GlobalSection(ProjectConfigurationPlatforms) = postSolution
		{68C67A2B-A073-4E4D-8BF7-B5F217585374}.Debug|Any CPU.ActiveCfg = Debug|Any CPU
		{68C67A2B-A073-4E4D-8BF7-B5F217585374}.Debug|Any CPU.Build.0 = Debug|Any CPU
		{68C67A2B-A073-4E4D-8BF7-B5F217585374}.Release|Any CPU.ActiveCfg = Release|Any CPU
		{68C67A2B-A073-4E4D-8BF7-B5F217585374}.Release|Any CPU.Build.0 = Release|Any CPU
		{833C1C0D-6651-4492-A917-F975569CBED0}.Debug|Any CPU.ActiveCfg = Debug|Any CPU
		{833C1C0D-6651-4492-A917-F975569CBED0}.Debug|Any CPU.Build.0 = Debug|Any CPU
		{833C1C0D-6651-4492-A917-F975569CBED0}.Release|Any CPU.ActiveCfg = Release|Any CPU
		{833C1C0D-6651-4492-A917-F975569CBED0}.Release|Any CPU.Build.0 = Release|Any CPU
		{20A8F9C9-66FB-4D97-9228-24202B0BCB71}.Debug|Any CPU.ActiveCfg = Debug|Any CPU
		{20A8F9C9-66FB-4D97-9228-24202B0BCB71}.Debug|Any CPU.Build.0 = Debug|Any CPU
		{20A8F9C9-66FB-4D97-9228-24202B0BCB71}.Release|Any CPU.ActiveCfg = Release|Any CPU
		{20A8F9C9-66FB-4D97-9228-24202B0BCB71}.Release|Any CPU.Build.0 = Release|Any CPU
	EndGlobalSection
	GlobalSection(SolutionProperties) = preSolution
		HideSolutionNode = FALSE
	EndGlobalSection
	GlobalSection(ExtensibilityGlobals) = postSolution
		SolutionGuid = {EB115EE9-669E-4B04-BF29-17CCB2FCC0C6}
	EndGlobalSection
EndGlobal
